{
  "requires": true,
  "lockfileVersion": 1,
  "dependencies": {
    "@mapbox/react-native-mapbox-gl": {
      "version": "6.1.2-beta2",
      "resolved": "https://registry.npmjs.org/@mapbox/react-native-mapbox-gl/-/react-native-mapbox-gl-6.1.2-beta2.tgz",
      "integrity": "sha512-sq4/d4zmknuHk/vt5iK7rxhIucfYNtdr54NV4hJfE3huouFugEdq1aY5YopsHcKr/OTD4t2NlY80GdSUf4EJJw==",
      "requires": {
        "@turf/helpers": "4.6.0",
        "underscore": "^1.8.3"
      }
    },
    "@turf/helpers": {
      "version": "4.6.0",
      "resolved": "https://registry.npmjs.org/@turf/helpers/-/helpers-4.6.0.tgz",
      "integrity": "sha1-EjmHM7iuKEIN9hZvpEx+6P/WQUw="
    },
    "lodash": {
      "version": "4.17.10",
      "resolved": "https://registry.npmjs.org/lodash/-/lodash-4.17.10.tgz",
      "integrity": "sha512-UejweD1pDoXu+AD825lWwp4ZGtSwgnpZxb3JDViD7StjQz+Nb/6l093lx4OQ0foGWNRoc19mWy7BzL+UAK2iVg=="
    },
    "react-native-navigation": {
      "version": "1.1.473",
      "resolved": "https://registry.npmjs.org/react-native-navigation/-/react-native-navigation-1.1.473.tgz",
      "integrity": "sha512-pnus9Sm16OEzCFEND886MMJwOwT278Fmar2YkFlx2CTPJu+JQG3VF6+qjc951zZQqC9z5uKEjcxLoC5c78CWBg==",
      "requires": {
        "lodash": "4.x.x"
      }
    },
    "underscore": {
      "version": "1.9.1",
      "resolved": "https://registry.npmjs.org/underscore/-/underscore-1.9.1.tgz",
      "integrity": "sha512-5/4etnCkd9c8gwgowi5/om/mYO5ajCaOgdzj/oW+0eQV9WxKBDZw5+ycmKmeaTXjInS/W0BzpGLo2xR2aBwZdg=="
    }
  }
}
