{
  "requires": true,
  "lockfileVersion": 1,
  "dependencies": {
    "lodash": {
      "version": "4.17.10",
      "resolved": "https://registry.npmjs.org/lodash/-/lodash-4.17.10.tgz",
      "integrity": "sha512-UejweD1pDoXu+AD825lWwp4ZGtSwgnpZxb3JDViD7StjQz+Nb/6l093lx4OQ0foGWNRoc19mWy7BzL+UAK2iVg=="
    },
    "react-native-navigation": {
      "version": "1.1.473",
      "resolved": "https://registry.npmjs.org/react-native-navigation/-/react-native-navigation-1.1.473.tgz",
      "integrity": "sha512-pnus9Sm16OEzCFEND886MMJwOwT278Fmar2YkFlx2CTPJu+JQG3VF6+qjc951zZQqC9z5uKEjcxLoC5c78CWBg==",
      "requires": {
        "lodash": "4.x.x"
      }
    }
  }
}
